
Microsoft Visual Studio Solution File, Format Version 12.00
# Visual Studio Version 17
VisualStudioVersion = 17.13.35931.197 d17.13
MinimumVisualStudioVersion = 10.0.40219.1
Project("{FAE04EC0-301F-11D3-BF4B-00C04F79EFBC}") = "Zarnogh", "Zarnogh.csproj", "{D10E06D9-FF53-4396-B5C2-03803DF9AD8F}"
EndProject
Global
	GlobalSection(SolutionConfigurationPlatforms) = preSolution
		Debug|Any CPU = Debug|Any CPU
		Release|Any CPU = Release|Any CPU
	EndGlobalSection
	GlobalSection(ProjectConfigurationPlatforms) = postSolution
		{D10E06D9-FF53-4396-B5C2-03803DF9AD8F}.Debug|Any CPU.ActiveCfg = Debug|Any CPU
		{D10E06D9-FF53-4396-B5C2-03803DF9AD8F}.Debug|Any CPU.Build.0 = Debug|Any CPU
		{D10E06D9-FF53-4396-B5C2-03803DF9AD8F}.Release|Any CPU.ActiveCfg = Release|Any CPU
		{D10E06D9-FF53-4396-B5C2-03803DF9AD8F}.Release|Any CPU.Build.0 = Release|Any CPU
	EndGlobalSection
	GlobalSection(SolutionProperties) = preSolution
		HideSolutionNode = FALSE
	EndGlobalSection
	GlobalSection(ExtensibilityGlobals) = postSolution
		SolutionGuid = {89F18C1B-8EB5-4719-9F1B-9B55D97486E6}
	EndGlobalSection
EndGlobal
